// !$*UTF8*$!
{
	archiveVersion = 1;
	classes = {
	};
	objectVersion = 56;
	objects = {

/* Begin PBXBuildFile section */
		A712BFF62CA15B67005E786D /* ChartView.swift in Sources */ = {isa = PBXBuildFile; fileRef = A712BFF52CA15B67005E786D /* ChartView.swift */; };
		A712BFF82CA15E68005E786D /* SongListItemView.swift in Sources */ = {isa = PBXBuildFile; fileRef = A712BFF72CA15E68005E786D /* SongListItemView.swift */; };
		A712BFFA2CA15E77005E786D /* Song.swift in Sources */ = {isa = PBXBuildFile; fileRef = A712BFF92CA15E77005E786D /* Song.swift */; };
		A712BFFD2CA1642F005E786D /* Utils.swift in Sources */ = {isa = PBXBuildFile; fileRef = A712BFFC2CA1642F005E786D /* Utils.swift */; };
		A712C0012CA16B27005E786D /* SongDetailView.swift in Sources */ = {isa = PBXBuildFile; fileRef = A712C0002CA16B27005E786D /* SongDetailView.swift */; };
		A712C0052CA2B1DF005E786D /* DataGermany.json in Resources */ = {isa = PBXBuildFile; fileRef = A712C0042CA2B1DF005E786D /* DataGermany.json */; };
		A712C0082CA2C832005E786D /* LocalDataService.swift in Sources */ = {isa = PBXBuildFile; fileRef = A712C0072CA2C832005E786D /* LocalDataService.swift */; };
		A712C00B2CA2D5A5005E786D /* DataUS.json in Resources */ = {isa = PBXBuildFile; fileRef = A712C00A2CA2D5A5005E786D /* DataUS.json */; };
		A712C00D2CA2D5CA005E786D /* DataFrance.json in Resources */ = {isa = PBXBuildFile; fileRef = A712C00C2CA2D5CA005E786D /* DataFrance.json */; };
		A712C00F2CA2D609005E786D /* DataJapan.json in Resources */ = {isa = PBXBuildFile; fileRef = A712C00E2CA2D609005E786D /* DataJapan.json */; };
		A712C0112CA2D619005E786D /* DataUK.json in Resources */ = {isa = PBXBuildFile; fileRef = A712C0102CA2D619005E786D /* DataUK.json */; };
		A712C0132CA2DCAE005E786D /* HomeView.swift in Sources */ = {isa = PBXBuildFile; fileRef = A712C0122CA2DCAE005E786D /* HomeView.swift */; };
		A712C0152CA2DD75005E786D /* SearchView.swift in Sources */ = {isa = PBXBuildFile; fileRef = A712C0142CA2DD75005E786D /* SearchView.swift */; };
		A712C0172CA2DF33005E786D /* MiniPlayerView.swift in Sources */ = {isa = PBXBuildFile; fileRef = A712C0162CA2DF33005E786D /* MiniPlayerView.swift */; };
		A712C01B2CA41E93005E786D /* APIService.swift in Sources */ = {isa = PBXBuildFile; fileRef = A712C01A2CA41E93005E786D /* APIService.swift */; };
		DB9E9E302CA155A900B47DFA /* _3_06_MusicPlayerApp.swift in Sources */ = {isa = PBXBuildFile; fileRef = DB9E9E2F2CA155A900B47DFA /* _3_06_MusicPlayerApp.swift */; };
		DB9E9E342CA155AD00B47DFA /* Assets.xcassets in Resources */ = {isa = PBXBuildFile; fileRef = DB9E9E332CA155AD00B47DFA /* Assets.xcassets */; };
		DB9E9E372CA155AD00B47DFA /* Preview Assets.xcassets in Resources */ = {isa = PBXBuildFile; fileRef = DB9E9E362CA155AD00B47DFA /* Preview Assets.xcassets */; };
/* End PBXBuildFile section */

/* Begin PBXFileReference section */
		A712BFF52CA15B67005E786D /* ChartView.swift */ = {isa = PBXFileReference; lastKnownFileType = sourcecode.swift; path = ChartView.swift; sourceTree = "<group>"; };
		A712BFF72CA15E68005E786D /* SongListItemView.swift */ = {isa = PBXFileReference; lastKnownFileType = sourcecode.swift; path = SongListItemView.swift; sourceTree = "<group>"; };
		A712BFF92CA15E77005E786D /* Song.swift */ = {isa = PBXFileReference; lastKnownFileType = sourcecode.swift; path = Song.swift; sourceTree = "<group>"; };
		A712BFFC2CA1642F005E786D /* Utils.swift */ = {isa = PBXFileReference; lastKnownFileType = sourcecode.swift; path = Utils.swift; sourceTree = "<group>"; };
		A712C0002CA16B27005E786D /* SongDetailView.swift */ = {isa = PBXFileReference; lastKnownFileType = sourcecode.swift; path = SongDetailView.swift; sourceTree = "<group>"; };
		A712C0042CA2B1DF005E786D /* DataGermany.json */ = {isa = PBXFileReference; lastKnownFileType = text.json; path = DataGermany.json; sourceTree = "<group>"; };
		A712C0072CA2C832005E786D /* LocalDataService.swift */ = {isa = PBXFileReference; lastKnownFileType = sourcecode.swift; path = LocalDataService.swift; sourceTree = "<group>"; };
		A712C00A2CA2D5A5005E786D /* DataUS.json */ = {isa = PBXFileReference; lastKnownFileType = text.json; path = DataUS.json; sourceTree = "<group>"; };
		A712C00C2CA2D5CA005E786D /* DataFrance.json */ = {isa = PBXFileReference; lastKnownFileType = text.json; path = DataFrance.json; sourceTree = "<group>"; };
		A712C00E2CA2D609005E786D /* DataJapan.json */ = {isa = PBXFileReference; lastKnownFileType = text.json; path = DataJapan.json; sourceTree = "<group>"; };
		A712C0102CA2D619005E786D /* DataUK.json */ = {isa = PBXFileReference; lastKnownFileType = text.json; path = DataUK.json; sourceTree = "<group>"; };
		A712C0122CA2DCAE005E786D /* HomeView.swift */ = {isa = PBXFileReference; lastKnownFileType = sourcecode.swift; path = HomeView.swift; sourceTree = "<group>"; };
		A712C0142CA2DD75005E786D /* SearchView.swift */ = {isa = PBXFileReference; lastKnownFileType = sourcecode.swift; path = SearchView.swift; sourceTree = "<group>"; };
		A712C0162CA2DF33005E786D /* MiniPlayerView.swift */ = {isa = PBXFileReference; lastKnownFileType = sourcecode.swift; path = MiniPlayerView.swift; sourceTree = "<group>"; };
		A712C01A2CA41E93005E786D /* APIService.swift */ = {isa = PBXFileReference; lastKnownFileType = sourcecode.swift; path = APIService.swift; sourceTree = "<group>"; };
		DB9E9E2C2CA155A900B47DFA /* 03-06-MusicPlayer.app */ = {isa = PBXFileReference; explicitFileType = wrapper.application; includeInIndex = 0; path = "03-06-MusicPlayer.app"; sourceTree = BUILT_PRODUCTS_DIR; };
		DB9E9E2F2CA155A900B47DFA /* _3_06_MusicPlayerApp.swift */ = {isa = PBXFileReference; lastKnownFileType = sourcecode.swift; path = _3_06_MusicPlayerApp.swift; sourceTree = "<group>"; };
		DB9E9E332CA155AD00B47DFA /* Assets.xcassets */ = {isa = PBXFileReference; lastKnownFileType = folder.assetcatalog; path = Assets.xcassets; sourceTree = "<group>"; };
		DB9E9E362CA155AD00B47DFA /* Preview Assets.xcassets */ = {isa = PBXFileReference; lastKnownFileType = folder.assetcatalog; path = "Preview Assets.xcassets"; sourceTree = "<group>"; };
/* End PBXFileReference section */

/* Begin PBXFrameworksBuildPhase section */
		DB9E9E292CA155A900B47DFA /* Frameworks */ = {
			isa = PBXFrameworksBuildPhase;
			buildActionMask = 2147483647;
			files = (
			);
			runOnlyForDeploymentPostprocessing = 0;
		};
/* End PBXFrameworksBuildPhase section */

/* Begin PBXGroup section */
		A712BFF32CA15AF5005E786D /* Models */ = {
			isa = PBXGroup;
			children = (
				A712BFF92CA15E77005E786D /* Song.swift */,
			);
			path = Models;
			sourceTree = "<group>";
		};
		A712BFF42CA15AFA005E786D /* Views */ = {
			isa = PBXGroup;
			children = (
				A712BFF52CA15B67005E786D /* ChartView.swift */,
				A712BFF72CA15E68005E786D /* SongListItemView.swift */,
				A712C0002CA16B27005E786D /* SongDetailView.swift */,
				A712C0122CA2DCAE005E786D /* HomeView.swift */,
				A712C0142CA2DD75005E786D /* SearchView.swift */,
				A712C0162CA2DF33005E786D /* MiniPlayerView.swift */,
			);
			path = Views;
			sourceTree = "<group>";
		};
		A712BFFB2CA16422005E786D /* Utils */ = {
			isa = PBXGroup;
			children = (
				A712BFFC2CA1642F005E786D /* Utils.swift */,
			);
			path = Utils;
			sourceTree = "<group>";
		};
		A712C0062CA2C824005E786D /* Services */ = {
			isa = PBXGroup;
			children = (
				A712C0072CA2C832005E786D /* LocalDataService.swift */,
				A712C01A2CA41E93005E786D /* APIService.swift */,
			);
			path = Services;
			sourceTree = "<group>";
		};
		A712C0092CA2D58C005E786D /* Data */ = {
			isa = PBXGroup;
			children = (
				A712C0042CA2B1DF005E786D /* DataGermany.json */,
				A712C00A2CA2D5A5005E786D /* DataUS.json */,
				A712C00C2CA2D5CA005E786D /* DataFrance.json */,
				A712C00E2CA2D609005E786D /* DataJapan.json */,
				A712C0102CA2D619005E786D /* DataUK.json */,
			);
			path = Data;
			sourceTree = "<group>";
		};
		DB9E9E232CA155A900B47DFA = {
			isa = PBXGroup;
			children = (
				DB9E9E2E2CA155A900B47DFA /* 03-06-MusicPlayer */,
				DB9E9E2D2CA155A900B47DFA /* Products */,
			);
			sourceTree = "<group>";
		};
		DB9E9E2D2CA155A900B47DFA /* Products */ = {
			isa = PBXGroup;
			children = (
				DB9E9E2C2CA155A900B47DFA /* 03-06-MusicPlayer.app */,
			);
			name = Products;
			sourceTree = "<group>";
		};
		DB9E9E2E2CA155A900B47DFA /* 03-06-MusicPlayer */ = {
			isa = PBXGroup;
			children = (
				A712C0092CA2D58C005E786D /* Data */,
				A712C0062CA2C824005E786D /* Services */,
				A712BFFB2CA16422005E786D /* Utils */,
				A712BFF42CA15AFA005E786D /* Views */,
				A712BFF32CA15AF5005E786D /* Models */,
				DB9E9E2F2CA155A900B47DFA /* _3_06_MusicPlayerApp.swift */,
				DB9E9E332CA155AD00B47DFA /* Assets.xcassets */,
				DB9E9E352CA155AD00B47DFA /* Preview Content */,
			);
			path = "03-06-MusicPlayer";
			sourceTree = "<group>";
		};
		DB9E9E352CA155AD00B47DFA /* Preview Content */ = {
			isa = PBXGroup;
			children = (
				DB9E9E362CA155AD00B47DFA /* Preview Assets.xcassets */,
			);
			path = "Preview Content";
			sourceTree = "<group>";
		};
/* End PBXGroup section */

/* Begin PBXNativeTarget section */
		DB9E9E2B2CA155A900B47DFA /* 03-06-MusicPlayer */ = {
			isa = PBXNativeTarget;
			buildConfigurationList = DB9E9E3A2CA155AD00B47DFA /* Build configuration list for PBXNativeTarget "03-06-MusicPlayer" */;
			buildPhases = (
				DB9E9E282CA155A900B47DFA /* Sources */,
				DB9E9E292CA155A900B47DFA /* Frameworks */,
				DB9E9E2A2CA155A900B47DFA /* Resources */,
			);
			buildRules = (
			);
			dependencies = (
			);
			name = "03-06-MusicPlayer";
			productName = "03-06-MusicPlayer";
			productReference = DB9E9E2C2CA155A900B47DFA /* 03-06-MusicPlayer.app */;
			productType = "com.apple.product-type.application";
		};
/* End PBXNativeTarget section */

/* Begin PBXProject section */
		DB9E9E242CA155A900B47DFA /* Project object */ = {
			isa = PBXProject;
			attributes = {
				BuildIndependentTargetsInParallel = 1;
				LastSwiftUpdateCheck = 1540;
				LastUpgradeCheck = 1540;
				TargetAttributes = {
					DB9E9E2B2CA155A900B47DFA = {
						CreatedOnToolsVersion = 15.4;
					};
				};
			};
			buildConfigurationList = DB9E9E272CA155A900B47DFA /* Build configuration list for PBXProject "03-06-MusicPlayer" */;
			compatibilityVersion = "Xcode 14.0";
			developmentRegion = en;
			hasScannedForEncodings = 0;
			knownRegions = (
				en,
				Base,
			);
			mainGroup = DB9E9E232CA155A900B47DFA;
			productRefGroup = DB9E9E2D2CA155A900B47DFA /* Products */;
			projectDirPath = "";
			projectRoot = "";
			targets = (
				DB9E9E2B2CA155A900B47DFA /* 03-06-MusicPlayer */,
			);
		};
/* End PBXProject section */

/* Begin PBXResourcesBuildPhase section */
		DB9E9E2A2CA155A900B47DFA /* Resources */ = {
			isa = PBXResourcesBuildPhase;
			buildActionMask = 2147483647;
			files = (
				A712C0052CA2B1DF005E786D /* DataGermany.json in Resources */,
				A712C00B2CA2D5A5005E786D /* DataUS.json in Resources */,
				A712C0112CA2D619005E786D /* DataUK.json in Resources */,
				DB9E9E372CA155AD00B47DFA /* Preview Assets.xcassets in Resources */,
				DB9E9E342CA155AD00B47DFA /* Assets.xcassets in Resources */,
				A712C00F2CA2D609005E786D /* DataJapan.json in Resources */,
				A712C00D2CA2D5CA005E786D /* DataFrance.json in Resources */,
			);
			runOnlyForDeploymentPostprocessing = 0;
		};
/* End PBXResourcesBuildPhase section */

/* Begin PBXSourcesBuildPhase section */
		DB9E9E282CA155A900B47DFA /* Sources */ = {
			isa = PBXSourcesBuildPhase;
			buildActionMask = 2147483647;
			files = (
				A712BFFD2CA1642F005E786D /* Utils.swift in Sources */,
				A712C0152CA2DD75005E786D /* SearchView.swift in Sources */,
				A712BFF82CA15E68005E786D /* SongListItemView.swift in Sources */,
				A712BFFA2CA15E77005E786D /* Song.swift in Sources */,
				A712C01B2CA41E93005E786D /* APIService.swift in Sources */,
				A712C0012CA16B27005E786D /* SongDetailView.swift in Sources */,
				DB9E9E302CA155A900B47DFA /* _3_06_MusicPlayerApp.swift in Sources */,
				A712C0132CA2DCAE005E786D /* HomeView.swift in Sources */,
				A712C0082CA2C832005E786D /* LocalDataService.swift in Sources */,
				A712C0172CA2DF33005E786D /* MiniPlayerView.swift in Sources */,
				A712BFF62CA15B67005E786D /* ChartView.swift in Sources */,
			);
			runOnlyForDeploymentPostprocessing = 0;
		};
/* End PBXSourcesBuildPhase section */

/* Begin XCBuildConfiguration section */
		DB9E9E382CA155AD00B47DFA /* Debug */ = {
			isa = XCBuildConfiguration;
			buildSettings = {
				ALWAYS_SEARCH_USER_PATHS = NO;
				ASSETCATALOG_COMPILER_GENERATE_SWIFT_ASSET_SYMBOL_EXTENSIONS = YES;
				CLANG_ANALYZER_NONNULL = YES;
				CLANG_ANALYZER_NUMBER_OBJECT_CONVERSION = YES_AGGRESSIVE;
				CLANG_CXX_LANGUAGE_STANDARD = "gnu++20";
				CLANG_ENABLE_MODULES = YES;
				CLANG_ENABLE_OBJC_ARC = YES;
				CLANG_ENABLE_OBJC_WEAK = YES;
				CLANG_WARN_BLOCK_CAPTURE_AUTORELEASING = YES;
				CLANG_WARN_BOOL_CONVERSION = YES;
				CLANG_WARN_COMMA = YES;
				CLANG_WARN_CONSTANT_CONVERSION = YES;
				CLANG_WARN_DEPRECATED_OBJC_IMPLEMENTATIONS = YES;
				CLANG_WARN_DIRECT_OBJC_ISA_USAGE = YES_ERROR;
				CLANG_WARN_DOCUMENTATION_COMMENTS = YES;
				CLANG_WARN_EMPTY_BODY = YES;
				CLANG_WARN_ENUM_CONVERSION = YES;
				CLANG_WARN_INFINITE_RECURSION = YES;
				CLANG_WARN_INT_CONVERSION = YES;
				CLANG_WARN_NON_LITERAL_NULL_CONVERSION = YES;
				CLANG_WARN_OBJC_IMPLICIT_RETAIN_SELF = YES;
				CLANG_WARN_OBJC_LITERAL_CONVERSION = YES;
				CLANG_WARN_OBJC_ROOT_CLASS = YES_ERROR;
				CLANG_WARN_QUOTED_INCLUDE_IN_FRAMEWORK_HEADER = YES;
				CLANG_WARN_RANGE_LOOP_ANALYSIS = YES;
				CLANG_WARN_STRICT_PROTOTYPES = YES;
				CLANG_WARN_SUSPICIOUS_MOVE = YES;
				CLANG_WARN_UNGUARDED_AVAILABILITY = YES_AGGRESSIVE;
				CLANG_WARN_UNREACHABLE_CODE = YES;
				CLANG_WARN__DUPLICATE_METHOD_MATCH = YES;
				COPY_PHASE_STRIP = NO;
				DEBUG_INFORMATION_FORMAT = dwarf;
				ENABLE_STRICT_OBJC_MSGSEND = YES;
				ENABLE_TESTABILITY = YES;
				ENABLE_USER_SCRIPT_SANDBOXING = YES;
				GCC_C_LANGUAGE_STANDARD = gnu17;
				GCC_DYNAMIC_NO_PIC = NO;
				GCC_NO_COMMON_BLOCKS = YES;
				GCC_OPTIMIZATION_LEVEL = 0;
				GCC_PREPROCESSOR_DEFINITIONS = (
					"DEBUG=1",
					"$(inherited)",
				);
				GCC_WARN_64_TO_32_BIT_CONVERSION = YES;
				GCC_WARN_ABOUT_RETURN_TYPE = YES_ERROR;
				GCC_WARN_UNDECLARED_SELECTOR = YES;
				GCC_WARN_UNINITIALIZED_AUTOS = YES_AGGRESSIVE;
				GCC_WARN_UNUSED_FUNCTION = YES;
				GCC_WARN_UNUSED_VARIABLE = YES;
				IPHONEOS_DEPLOYMENT_TARGET = 17.5;
				LOCALIZATION_PREFERS_STRING_CATALOGS = YES;
				MTL_ENABLE_DEBUG_INFO = INCLUDE_SOURCE;
				MTL_FAST_MATH = YES;
				ONLY_ACTIVE_ARCH = YES;
				SDKROOT = iphoneos;
				SWIFT_ACTIVE_COMPILATION_CONDITIONS = "DEBUG $(inherited)";
				SWIFT_OPTIMIZATION_LEVEL = "-Onone";
			};
			name = Debug;
		};
		DB9E9E392CA155AD00B47DFA /* Release */ = {
			isa = XCBuildConfiguration;
			buildSettings = {
				ALWAYS_SEARCH_USER_PATHS = NO;
				ASSETCATALOG_COMPILER_GENERATE_SWIFT_ASSET_SYMBOL_EXTENSIONS = YES;
				CLANG_ANALYZER_NONNULL = YES;
				CLANG_ANALYZER_NUMBER_OBJECT_CONVERSION = YES_AGGRESSIVE;
				CLANG_CXX_LANGUAGE_STANDARD = "gnu++20";
				CLANG_ENABLE_MODULES = YES;
				CLANG_ENABLE_OBJC_ARC = YES;
				CLANG_ENABLE_OBJC_WEAK = YES;
				CLANG_WARN_BLOCK_CAPTURE_AUTORELEASING = YES;
				CLANG_WARN_BOOL_CONVERSION = YES;
				CLANG_WARN_COMMA = YES;
				CLANG_WARN_CONSTANT_CONVERSION = YES;
				CLANG_WARN_DEPRECATED_OBJC_IMPLEMENTATIONS = YES;
				CLANG_WARN_DIRECT_OBJC_ISA_USAGE = YES_ERROR;
				CLANG_WARN_DOCUMENTATION_COMMENTS = YES;
				CLANG_WARN_EMPTY_BODY = YES;
				CLANG_WARN_ENUM_CONVERSION = YES;
				CLANG_WARN_INFINITE_RECURSION = YES;
				CLANG_WARN_INT_CONVERSION = YES;
				CLANG_WARN_NON_LITERAL_NULL_CONVERSION = YES;
				CLANG_WARN_OBJC_IMPLICIT_RETAIN_SELF = YES;
				CLANG_WARN_OBJC_LITERAL_CONVERSION = YES;
				CLANG_WARN_OBJC_ROOT_CLASS = YES_ERROR;
				CLANG_WARN_QUOTED_INCLUDE_IN_FRAMEWORK_HEADER = YES;
				CLANG_WARN_RANGE_LOOP_ANALYSIS = YES;
				CLANG_WARN_STRICT_PROTOTYPES = YES;
				CLANG_WARN_SUSPICIOUS_MOVE = YES;
				CLANG_WARN_UNGUARDED_AVAILABILITY = YES_AGGRESSIVE;
				CLANG_WARN_UNREACHABLE_CODE = YES;
				CLANG_WARN__DUPLICATE_METHOD_MATCH = YES;
				COPY_PHASE_STRIP = NO;
				DEBUG_INFORMATION_FORMAT = "dwarf-with-dsym";
				ENABLE_NS_ASSERTIONS = NO;
				ENABLE_STRICT_OBJC_MSGSEND = YES;
				ENABLE_USER_SCRIPT_SANDBOXING = YES;
				GCC_C_LANGUAGE_STANDARD = gnu17;
				GCC_NO_COMMON_BLOCKS = YES;
				GCC_WARN_64_TO_32_BIT_CONVERSION = YES;
				GCC_WARN_ABOUT_RETURN_TYPE = YES_ERROR;
				GCC_WARN_UNDECLARED_SELECTOR = YES;
				GCC_WARN_UNINITIALIZED_AUTOS = YES_AGGRESSIVE;
				GCC_WARN_UNUSED_FUNCTION = YES;
				GCC_WARN_UNUSED_VARIABLE = YES;
				IPHONEOS_DEPLOYMENT_TARGET = 17.5;
				LOCALIZATION_PREFERS_STRING_CATALOGS = YES;
				MTL_ENABLE_DEBUG_INFO = NO;
				MTL_FAST_MATH = YES;
				SDKROOT = iphoneos;
				SWIFT_COMPILATION_MODE = wholemodule;
				VALIDATE_PRODUCT = YES;
			};
			name = Release;
		};
		DB9E9E3B2CA155AD00B47DFA /* Debug */ = {
			isa = XCBuildConfiguration;
			buildSettings = {
				ASSETCATALOG_COMPILER_APPICON_NAME = AppIcon;
				ASSETCATALOG_COMPILER_GLOBAL_ACCENT_COLOR_NAME = AccentColor;
				CODE_SIGN_STYLE = Automatic;
				CURRENT_PROJECT_VERSION = 1;
				DEVELOPMENT_ASSET_PATHS = "\"03-06-MusicPlayer/Preview Content\"";
				ENABLE_PREVIEWS = YES;
				GENERATE_INFOPLIST_FILE = YES;
				INFOPLIST_KEY_UIApplicationSceneManifest_Generation = YES;
				INFOPLIST_KEY_UIApplicationSupportsIndirectInputEvents = YES;
				INFOPLIST_KEY_UILaunchScreen_Generation = YES;
				INFOPLIST_KEY_UISupportedInterfaceOrientations_iPad = "UIInterfaceOrientationPortrait UIInterfaceOrientationPortraitUpsideDown UIInterfaceOrientationLandscapeLeft UIInterfaceOrientationLandscapeRight";
				INFOPLIST_KEY_UISupportedInterfaceOrientations_iPhone = "UIInterfaceOrientationPortrait UIInterfaceOrientationLandscapeLeft UIInterfaceOrientationLandscapeRight";
				IPHONEOS_DEPLOYMENT_TARGET = 17.0;
				LD_RUNPATH_SEARCH_PATHS = (
					"$(inherited)",
					"@executable_path/Frameworks",
				);
				MARKETING_VERSION = 1.0;
				PRODUCT_BUNDLE_IDENTIFIER = "de.syntax-institut.-3-06-MusicPlayer";
				PRODUCT_NAME = "$(TARGET_NAME)";
				SWIFT_EMIT_LOC_STRINGS = YES;
				SWIFT_VERSION = 5.0;
				TARGETED_DEVICE_FAMILY = "1,2";
			};
			name = Debug;
		};
		DB9E9E3C2CA155AD00B47DFA /* Release */ = {
			isa = XCBuildConfiguration;
			buildSettings = {
				ASSETCATALOG_COMPILER_APPICON_NAME = AppIcon;
				ASSETCATALOG_COMPILER_GLOBAL_ACCENT_COLOR_NAME = AccentColor;
				CODE_SIGN_STYLE = Automatic;
				CURRENT_PROJECT_VERSION = 1;
				DEVELOPMENT_ASSET_PATHS = "\"03-06-MusicPlayer/Preview Content\"";
				ENABLE_PREVIEWS = YES;
				GENERATE_INFOPLIST_FILE = YES;
				INFOPLIST_KEY_UIApplicationSceneManifest_Generation = YES;
				INFOPLIST_KEY_UIApplicationSupportsIndirectInputEvents = YES;
				INFOPLIST_KEY_UILaunchScreen_Generation = YES;
				INFOPLIST_KEY_UISupportedInterfaceOrientations_iPad = "UIInterfaceOrientationPortrait UIInterfaceOrientationPortraitUpsideDown UIInterfaceOrientationLandscapeLeft UIInterfaceOrientationLandscapeRight";
				INFOPLIST_KEY_UISupportedInterfaceOrientations_iPhone = "UIInterfaceOrientationPortrait UIInterfaceOrientationLandscapeLeft UIInterfaceOrientationLandscapeRight";
				IPHONEOS_DEPLOYMENT_TARGET = 17.0;
				LD_RUNPATH_SEARCH_PATHS = (
					"$(inherited)",
					"@executable_path/Frameworks",
				);
				MARKETING_VERSION = 1.0;
				PRODUCT_BUNDLE_IDENTIFIER = "de.syntax-institut.-3-06-MusicPlayer";
				PRODUCT_NAME = "$(TARGET_NAME)";
				SWIFT_EMIT_LOC_STRINGS = YES;
				SWIFT_VERSION = 5.0;
				TARGETED_DEVICE_FAMILY = "1,2";
			};
			name = Release;
		};
/* End XCBuildConfiguration section */

/* Begin XCConfigurationList section */
		DB9E9E272CA155A900B47DFA /* Build configuration list for PBXProject "03-06-MusicPlayer" */ = {
			isa = XCConfigurationList;
			buildConfigurations = (
				DB9E9E382CA155AD00B47DFA /* Debug */,
				DB9E9E392CA155AD00B47DFA /* Release */,
			);
			defaultConfigurationIsVisible = 0;
			defaultConfigurationName = Release;
		};
		DB9E9E3A2CA155AD00B47DFA /* Build configuration list for PBXNativeTarget "03-06-MusicPlayer" */ = {
			isa = XCConfigurationList;
			buildConfigurations = (
				DB9E9E3B2CA155AD00B47DFA /* Debug */,
				DB9E9E3C2CA155AD00B47DFA /* Release */,
			);
			defaultConfigurationIsVisible = 0;
			defaultConfigurationName = Release;
		};
/* End XCConfigurationList section */
	};
	rootObject = DB9E9E242CA155A900B47DFA /* Project object */;
}
